
Microsoft Visual Studio Solution File, Format Version 12.00
# Visual Studio 15
Project("{FAE04EC0-301F-11D3-BF4B-00C04F79EFBC}") = "DogHouseApi", "DogHouseApi\DogHouseApi.csproj", "{22105A74-58CB-4C3E-9F75-82FDA3E73C51}"
EndProject
Project("{FAE04EC0-301F-11D3-BF4B-00C04F79EFBC}") = "DogHouseApiTests", "DogHouseApiTests\DogHouseApiTests.csproj", "{C881BF26-AA98-4742-A9A3-487417523CE7}"
EndProject
Global
	GlobalSection(SolutionConfigurationPlatforms) = preSolution
		Debug|Any CPU = Debug|Any CPU
		Release|Any CPU = Release|Any CPU
	EndGlobalSection
	GlobalSection(ProjectConfigurationPlatforms) = postSolution
		{22105A74-58CB-4C3E-9F75-82FDA3E73C51}.Debug|Any CPU.ActiveCfg = Debug|Any CPU
		{22105A74-58CB-4C3E-9F75-82FDA3E73C51}.Debug|Any CPU.Build.0 = Debug|Any CPU
		{22105A74-58CB-4C3E-9F75-82FDA3E73C51}.Release|Any CPU.ActiveCfg = Release|Any CPU
		{22105A74-58CB-4C3E-9F75-82FDA3E73C51}.Release|Any CPU.Build.0 = Release|Any CPU
		{C881BF26-AA98-4742-A9A3-487417523CE7}.Debug|Any CPU.ActiveCfg = Debug|Any CPU
		{C881BF26-AA98-4742-A9A3-487417523CE7}.Debug|Any CPU.Build.0 = Debug|Any CPU
		{C881BF26-AA98-4742-A9A3-487417523CE7}.Release|Any CPU.ActiveCfg = Release|Any CPU
		{C881BF26-AA98-4742-A9A3-487417523CE7}.Release|Any CPU.Build.0 = Release|Any CPU
	EndGlobalSection
EndGlobal
